
Microsoft Visual Studio Solution File, Format Version 12.00
# Visual Studio Version 16
VisualStudioVersion = 16.0.29613.14
MinimumVisualStudioVersion = 10.0.40219.1
Project("{FAE04EC0-301F-11D3-BF4B-00C04F79EFBC}") = "TruckerCalculator", "TruckerCalculator\TruckerCalculator.csproj", "{ACB7C12C-75FE-4429-8801-8FD13907A4F7}"
EndProject
Global
	GlobalSection(SolutionConfigurationPlatforms) = preSolution
		Debug|Any CPU = Debug|Any CPU
		Release|Any CPU = Release|Any CPU
	EndGlobalSection
	GlobalSection(ProjectConfigurationPlatforms) = postSolution
		{ACB7C12C-75FE-4429-8801-8FD13907A4F7}.Debug|Any CPU.ActiveCfg = Debug|Any CPU
		{ACB7C12C-75FE-4429-8801-8FD13907A4F7}.Debug|Any CPU.Build.0 = Debug|Any CPU
		{ACB7C12C-75FE-4429-8801-8FD13907A4F7}.Release|Any CPU.ActiveCfg = Release|Any CPU
		{ACB7C12C-75FE-4429-8801-8FD13907A4F7}.Release|Any CPU.Build.0 = Release|Any CPU
	EndGlobalSection
	GlobalSection(SolutionProperties) = preSolution
		HideSolutionNode = FALSE
	EndGlobalSection
	GlobalSection(ExtensibilityGlobals) = postSolution
		SolutionGuid = {0AEC2988-C1B8-4297-997D-79D25891566F}
	EndGlobalSection
EndGlobal
